// !$*UTF8*$!
{
	archiveVersion = 1;
	classes = {
	};
	objectVersion = 56;
	objects = {

/* Begin PBXBuildFile section */
		F921AE422C4852B400544E0C /* AutoScrollVC.swift in Sources */ = {isa = PBXBuildFile; fileRef = F921AE412C4852B400544E0C /* AutoScrollVC.swift */; };
		F923BB152C2C0F5300DBB894 /* AppDelegate.swift in Sources */ = {isa = PBXBuildFile; fileRef = F923BB142C2C0F5300DBB894 /* AppDelegate.swift */; };
		F923BB172C2C0F5300DBB894 /* SceneDelegate.swift in Sources */ = {isa = PBXBuildFile; fileRef = F923BB162C2C0F5300DBB894 /* SceneDelegate.swift */; };
		F923BB192C2C0F5300DBB894 /* HomeVC.swift in Sources */ = {isa = PBXBuildFile; fileRef = F923BB182C2C0F5300DBB894 /* HomeVC.swift */; };
		F923BB1E2C2C0F5700DBB894 /* Assets.xcassets in Resources */ = {isa = PBXBuildFile; fileRef = F923BB1D2C2C0F5700DBB894 /* Assets.xcassets */; };
		F923BB212C2C0F5700DBB894 /* LaunchScreen.storyboard in Resources */ = {isa = PBXBuildFile; fileRef = F923BB1F2C2C0F5700DBB894 /* LaunchScreen.storyboard */; };
		F923BB302C2C1B8100DBB894 /* VideoCell.swift in Sources */ = {isa = PBXBuildFile; fileRef = F923BB2F2C2C1B8100DBB894 /* VideoCell.swift */; };
		F923BB322C2C1BAF00DBB894 /* UIView+Ext.swift in Sources */ = {isa = PBXBuildFile; fileRef = F923BB312C2C1BAF00DBB894 /* UIView+Ext.swift */; };
		F923BB342C2C1BD800DBB894 /* Constants.swift in Sources */ = {isa = PBXBuildFile; fileRef = F923BB332C2C1BD800DBB894 /* Constants.swift */; };
		F923BB362C2C1BFA00DBB894 /* NavList.swift in Sources */ = {isa = PBXBuildFile; fileRef = F923BB352C2C1BFA00DBB894 /* NavList.swift */; };
		F923BB382C2C1C3500DBB894 /* Users.swift in Sources */ = {isa = PBXBuildFile; fileRef = F923BB372C2C1C3500DBB894 /* Users.swift */; };
		F923BB3A2C2C1C4900DBB894 /* Video.swift in Sources */ = {isa = PBXBuildFile; fileRef = F923BB392C2C1C4900DBB894 /* Video.swift */; };
		F923BB3E2C2C336400DBB894 /* TableHomeVC.swift in Sources */ = {isa = PBXBuildFile; fileRef = F923BB3D2C2C336400DBB894 /* TableHomeVC.swift */; };
		F923BB402C2C337E00DBB894 /* CollectionHomeVC.swift in Sources */ = {isa = PBXBuildFile; fileRef = F923BB3F2C2C337E00DBB894 /* CollectionHomeVC.swift */; };
		F923BB442C2C340E00DBB894 /* CollapsibleTableVC.swift in Sources */ = {isa = PBXBuildFile; fileRef = F923BB432C2C340E00DBB894 /* CollapsibleTableVC.swift */; };
		F923BB462C2C341D00DBB894 /* WithCustomViewVC.swift in Sources */ = {isa = PBXBuildFile; fileRef = F923BB452C2C341D00DBB894 /* WithCustomViewVC.swift */; };
		F923BB482C2C342F00DBB894 /* InstaFeedRepVC.swift in Sources */ = {isa = PBXBuildFile; fileRef = F923BB472C2C342F00DBB894 /* InstaFeedRepVC.swift */; };
		F923BB4A2C2C375600DBB894 /* Post.swift in Sources */ = {isa = PBXBuildFile; fileRef = F923BB492C2C375600DBB894 /* Post.swift */; };
		F923BB4C2C2C3D1200DBB894 /* InstaPostCell.swift in Sources */ = {isa = PBXBuildFile; fileRef = F923BB4B2C2C3D1200DBB894 /* InstaPostCell.swift */; };
		F923BB502C2C488800DBB894 /* UIKDAvatarImageView.swift in Sources */ = {isa = PBXBuildFile; fileRef = F923BB4F2C2C488800DBB894 /* UIKDAvatarImageView.swift */; };
		F923BB522C2C490E00DBB894 /* UIKDPostImageView.swift in Sources */ = {isa = PBXBuildFile; fileRef = F923BB512C2C490D00DBB894 /* UIKDPostImageView.swift */; };
		F923BB542C2C497800DBB894 /* UIKDBodyLabel.swift in Sources */ = {isa = PBXBuildFile; fileRef = F923BB532C2C497800DBB894 /* UIKDBodyLabel.swift */; };
		F923BB562C2C499D00DBB894 /* UIKDSecondaryTitleLabel.swift in Sources */ = {isa = PBXBuildFile; fileRef = F923BB552C2C499D00DBB894 /* UIKDSecondaryTitleLabel.swift */; };
		F923BB582C2C49B500DBB894 /* UIKDTitleLabel.swift in Sources */ = {isa = PBXBuildFile; fileRef = F923BB572C2C49B500DBB894 /* UIKDTitleLabel.swift */; };
		F923BB5A2C2D5DA800DBB894 /* Pets.swift in Sources */ = {isa = PBXBuildFile; fileRef = F923BB592C2D5DA800DBB894 /* Pets.swift */; };
		F923BB5C2C2D647100DBB894 /* WithCustomCellVC.swift in Sources */ = {isa = PBXBuildFile; fileRef = F923BB5B2C2D647100DBB894 /* WithCustomCellVC.swift */; };
		F923BB602C2D737800DBB894 /* Photos.swift in Sources */ = {isa = PBXBuildFile; fileRef = F923BB5F2C2D737800DBB894 /* Photos.swift */; };
		F923BB622C2D874100DBB894 /* GalleryCell.swift in Sources */ = {isa = PBXBuildFile; fileRef = F923BB612C2D874100DBB894 /* GalleryCell.swift */; };
		F923BB642C2D971800DBB894 /* UIHelper.swift in Sources */ = {isa = PBXBuildFile; fileRef = F923BB632C2D971800DBB894 /* UIHelper.swift */; };
		F923BB662C2DA9FA00DBB894 /* BasicGridVC.swift in Sources */ = {isa = PBXBuildFile; fileRef = F923BB652C2DA9FA00DBB894 /* BasicGridVC.swift */; };
		F923BB682C2DB2EF00DBB894 /* Category.swift in Sources */ = {isa = PBXBuildFile; fileRef = F923BB672C2DB2EF00DBB894 /* Category.swift */; };
		F923BB6A2C2DB42E00DBB894 /* CategoryCell.swift in Sources */ = {isa = PBXBuildFile; fileRef = F923BB692C2DB42E00DBB894 /* CategoryCell.swift */; };
		F923BB6C2C2DCEEF00DBB894 /* DogCell.swift in Sources */ = {isa = PBXBuildFile; fileRef = F923BB6B2C2DCEEF00DBB894 /* DogCell.swift */; };
		F923BB6E2C2DD0C000DBB894 /* CaraousalVC.swift in Sources */ = {isa = PBXBuildFile; fileRef = F923BB6D2C2DD0C000DBB894 /* CaraousalVC.swift */; };
		F952EC942C4B82B0006C4F10 /* StickyHeaderVC.swift in Sources */ = {isa = PBXBuildFile; fileRef = F952EC932C4B82B0006C4F10 /* StickyHeaderVC.swift */; };
		F952EC982C4BC0AB006C4F10 /* UIKDStickyHeader.swift in Sources */ = {isa = PBXBuildFile; fileRef = F952EC972C4BC0AB006C4F10 /* UIKDStickyHeader.swift */; };
		F952EC9A2C4BDF7E006C4F10 /* UIKDStretchyHeaderFlowLayout.swift in Sources */ = {isa = PBXBuildFile; fileRef = F952EC992C4BDF7E006C4F10 /* UIKDStretchyHeaderFlowLayout.swift */; };
		F9A516182C2FCF2100C8DD8A /* UIKDShadowView.swift in Sources */ = {isa = PBXBuildFile; fileRef = F9A516172C2FCF2100C8DD8A /* UIKDShadowView.swift */; };
		F9A5161A2C2FCF9500C8DD8A /* UIKDCardDocketView.swift in Sources */ = {isa = PBXBuildFile; fileRef = F9A516192C2FCF9500C8DD8A /* UIKDCardDocketView.swift */; };
		F9A5161C2C2FE41900C8DD8A /* CreditCard.swift in Sources */ = {isa = PBXBuildFile; fileRef = F9A5161B2C2FE41900C8DD8A /* CreditCard.swift */; };
		F9A5161E2C2FE91400C8DD8A /* UIColor+Ext.swift in Sources */ = {isa = PBXBuildFile; fileRef = F9A5161D2C2FE91400C8DD8A /* UIColor+Ext.swift */; };
		F9A516212C30012900C8DD8A /* UIKDCardInfoVC.swift in Sources */ = {isa = PBXBuildFile; fileRef = F9A516202C30012900C8DD8A /* UIKDCardInfoVC.swift */; };
		F9A516232C3032E000C8DD8A /* CollapsibleTableHeaderVC.swift in Sources */ = {isa = PBXBuildFile; fileRef = F9A516222C3032E000C8DD8A /* CollapsibleTableHeaderVC.swift */; };
		F9A516252C30340F00C8DD8A /* Genre.swift in Sources */ = {isa = PBXBuildFile; fileRef = F9A516242C30340F00C8DD8A /* Genre.swift */; };
		F9A516272C3034D200C8DD8A /* UIKDExpandableHeaderView.swift in Sources */ = {isa = PBXBuildFile; fileRef = F9A516262C3034D200C8DD8A /* UIKDExpandableHeaderView.swift */; };
		F9A516292C306BA300C8DD8A /* Wonder.swift in Sources */ = {isa = PBXBuildFile; fileRef = F9A516282C306BA300C8DD8A /* Wonder.swift */; };
		F9A5162B2C306CE300C8DD8A /* CollapsibleCellTableVC.swift in Sources */ = {isa = PBXBuildFile; fileRef = F9A5162A2C306CE300C8DD8A /* CollapsibleCellTableVC.swift */; };
		F9A5162F2C306EB100C8DD8A /* WonderCell.swift in Sources */ = {isa = PBXBuildFile; fileRef = F9A5162E2C306EB100C8DD8A /* WonderCell.swift */; };
		F9A516312C32F1B900C8DD8A /* UpdateTableCellVC.swift in Sources */ = {isa = PBXBuildFile; fileRef = F9A516302C32F1B900C8DD8A /* UpdateTableCellVC.swift */; };
		F9AD131A2C4A56C9006E7C05 /* SegmentedTableViewVC.swift in Sources */ = {isa = PBXBuildFile; fileRef = F9AD13192C4A56C9006E7C05 /* SegmentedTableViewVC.swift */; };
		F9AD75BB2C2E6F4C00B16BDF /* UIKDCustomFlowLayout.swift in Sources */ = {isa = PBXBuildFile; fileRef = F9AD75BA2C2E6F4C00B16BDF /* UIKDCustomFlowLayout.swift */; };
		F9AD75BD2C2EFAC300B16BDF /* CardViewVC.swift in Sources */ = {isa = PBXBuildFile; fileRef = F9AD75BC2C2EFAC300B16BDF /* CardViewVC.swift */; };
		F9F1CCF72C2F203A005739BA /* CardViewCell.swift in Sources */ = {isa = PBXBuildFile; fileRef = F9F1CCF62C2F203A005739BA /* CardViewCell.swift */; };
		F9F1CCFE2C2F4C95005739BA /* NestedCardVC.swift in Sources */ = {isa = PBXBuildFile; fileRef = F9F1CCFD2C2F4C95005739BA /* NestedCardVC.swift */; };
/* End PBXBuildFile section */

/* Begin PBXFileReference section */
		F921AE412C4852B400544E0C /* AutoScrollVC.swift */ = {isa = PBXFileReference; lastKnownFileType = sourcecode.swift; path = AutoScrollVC.swift; sourceTree = "<group>"; };
		F923BB112C2C0F5300DBB894 /* UIKitDashboard.app */ = {isa = PBXFileReference; explicitFileType = wrapper.application; includeInIndex = 0; path = UIKitDashboard.app; sourceTree = BUILT_PRODUCTS_DIR; };
		F923BB142C2C0F5300DBB894 /* AppDelegate.swift */ = {isa = PBXFileReference; lastKnownFileType = sourcecode.swift; path = AppDelegate.swift; sourceTree = "<group>"; };
		F923BB162C2C0F5300DBB894 /* SceneDelegate.swift */ = {isa = PBXFileReference; lastKnownFileType = sourcecode.swift; path = SceneDelegate.swift; sourceTree = "<group>"; };
		F923BB182C2C0F5300DBB894 /* HomeVC.swift */ = {isa = PBXFileReference; lastKnownFileType = sourcecode.swift; path = HomeVC.swift; sourceTree = "<group>"; };
		F923BB1D2C2C0F5700DBB894 /* Assets.xcassets */ = {isa = PBXFileReference; lastKnownFileType = folder.assetcatalog; path = Assets.xcassets; sourceTree = "<group>"; };
		F923BB202C2C0F5700DBB894 /* Base */ = {isa = PBXFileReference; lastKnownFileType = file.storyboard; name = Base; path = Base.lproj/LaunchScreen.storyboard; sourceTree = "<group>"; };
		F923BB222C2C0F5700DBB894 /* Info.plist */ = {isa = PBXFileReference; lastKnownFileType = text.plist.xml; path = Info.plist; sourceTree = "<group>"; };
		F923BB2F2C2C1B8100DBB894 /* VideoCell.swift */ = {isa = PBXFileReference; lastKnownFileType = sourcecode.swift; path = VideoCell.swift; sourceTree = "<group>"; };
		F923BB312C2C1BAF00DBB894 /* UIView+Ext.swift */ = {isa = PBXFileReference; lastKnownFileType = sourcecode.swift; path = "UIView+Ext.swift"; sourceTree = "<group>"; };
		F923BB332C2C1BD800DBB894 /* Constants.swift */ = {isa = PBXFileReference; lastKnownFileType = sourcecode.swift; path = Constants.swift; sourceTree = "<group>"; };
		F923BB352C2C1BFA00DBB894 /* NavList.swift */ = {isa = PBXFileReference; lastKnownFileType = sourcecode.swift; path = NavList.swift; sourceTree = "<group>"; };
		F923BB372C2C1C3500DBB894 /* Users.swift */ = {isa = PBXFileReference; lastKnownFileType = sourcecode.swift; path = Users.swift; sourceTree = "<group>"; };
		F923BB392C2C1C4900DBB894 /* Video.swift */ = {isa = PBXFileReference; lastKnownFileType = sourcecode.swift; path = Video.swift; sourceTree = "<group>"; };
		F923BB3D2C2C336400DBB894 /* TableHomeVC.swift */ = {isa = PBXFileReference; lastKnownFileType = sourcecode.swift; path = TableHomeVC.swift; sourceTree = "<group>"; };
		F923BB3F2C2C337E00DBB894 /* CollectionHomeVC.swift */ = {isa = PBXFileReference; lastKnownFileType = sourcecode.swift; path = CollectionHomeVC.swift; sourceTree = "<group>"; };
		F923BB432C2C340E00DBB894 /* CollapsibleTableVC.swift */ = {isa = PBXFileReference; lastKnownFileType = sourcecode.swift; path = CollapsibleTableVC.swift; sourceTree = "<group>"; };
		F923BB452C2C341D00DBB894 /* WithCustomViewVC.swift */ = {isa = PBXFileReference; lastKnownFileType = sourcecode.swift; path = WithCustomViewVC.swift; sourceTree = "<group>"; };
		F923BB472C2C342F00DBB894 /* InstaFeedRepVC.swift */ = {isa = PBXFileReference; lastKnownFileType = sourcecode.swift; path = InstaFeedRepVC.swift; sourceTree = "<group>"; };
		F923BB492C2C375600DBB894 /* Post.swift */ = {isa = PBXFileReference; lastKnownFileType = sourcecode.swift; path = Post.swift; sourceTree = "<group>"; };
		F923BB4B2C2C3D1200DBB894 /* InstaPostCell.swift */ = {isa = PBXFileReference; lastKnownFileType = sourcecode.swift; path = InstaPostCell.swift; sourceTree = "<group>"; };
		F923BB4F2C2C488800DBB894 /* UIKDAvatarImageView.swift */ = {isa = PBXFileReference; lastKnownFileType = sourcecode.swift; path = UIKDAvatarImageView.swift; sourceTree = "<group>"; };
		F923BB512C2C490D00DBB894 /* UIKDPostImageView.swift */ = {isa = PBXFileReference; lastKnownFileType = sourcecode.swift; path = UIKDPostImageView.swift; sourceTree = "<group>"; };
		F923BB532C2C497800DBB894 /* UIKDBodyLabel.swift */ = {isa = PBXFileReference; lastKnownFileType = sourcecode.swift; path = UIKDBodyLabel.swift; sourceTree = "<group>"; };
		F923BB552C2C499D00DBB894 /* UIKDSecondaryTitleLabel.swift */ = {isa = PBXFileReference; lastKnownFileType = sourcecode.swift; path = UIKDSecondaryTitleLabel.swift; sourceTree = "<group>"; };
		F923BB572C2C49B500DBB894 /* UIKDTitleLabel.swift */ = {isa = PBXFileReference; lastKnownFileType = sourcecode.swift; path = UIKDTitleLabel.swift; sourceTree = "<group>"; };
		F923BB592C2D5DA800DBB894 /* Pets.swift */ = {isa = PBXFileReference; lastKnownFileType = sourcecode.swift; path = Pets.swift; sourceTree = "<group>"; };
		F923BB5B2C2D647100DBB894 /* WithCustomCellVC.swift */ = {isa = PBXFileReference; lastKnownFileType = sourcecode.swift; path = WithCustomCellVC.swift; sourceTree = "<group>"; };
		F923BB5F2C2D737800DBB894 /* Photos.swift */ = {isa = PBXFileReference; lastKnownFileType = sourcecode.swift; path = Photos.swift; sourceTree = "<group>"; };
		F923BB612C2D874100DBB894 /* GalleryCell.swift */ = {isa = PBXFileReference; lastKnownFileType = sourcecode.swift; path = GalleryCell.swift; sourceTree = "<group>"; };
		F923BB632C2D971800DBB894 /* UIHelper.swift */ = {isa = PBXFileReference; lastKnownFileType = sourcecode.swift; path = UIHelper.swift; sourceTree = "<group>"; };
		F923BB652C2DA9FA00DBB894 /* BasicGridVC.swift */ = {isa = PBXFileReference; lastKnownFileType = sourcecode.swift; path = BasicGridVC.swift; sourceTree = "<group>"; };
		F923BB672C2DB2EF00DBB894 /* Category.swift */ = {isa = PBXFileReference; lastKnownFileType = sourcecode.swift; path = Category.swift; sourceTree = "<group>"; };
		F923BB692C2DB42E00DBB894 /* CategoryCell.swift */ = {isa = PBXFileReference; lastKnownFileType = sourcecode.swift; path = CategoryCell.swift; sourceTree = "<group>"; };
		F923BB6B2C2DCEEF00DBB894 /* DogCell.swift */ = {isa = PBXFileReference; lastKnownFileType = sourcecode.swift; path = DogCell.swift; sourceTree = "<group>"; };
		F923BB6D2C2DD0C000DBB894 /* CaraousalVC.swift */ = {isa = PBXFileReference; lastKnownFileType = sourcecode.swift; path = CaraousalVC.swift; sourceTree = "<group>"; };
		F952EC932C4B82B0006C4F10 /* StickyHeaderVC.swift */ = {isa = PBXFileReference; lastKnownFileType = sourcecode.swift; path = StickyHeaderVC.swift; sourceTree = "<group>"; };
		F952EC972C4BC0AB006C4F10 /* UIKDStickyHeader.swift */ = {isa = PBXFileReference; lastKnownFileType = sourcecode.swift; path = UIKDStickyHeader.swift; sourceTree = "<group>"; };
		F952EC992C4BDF7E006C4F10 /* UIKDStretchyHeaderFlowLayout.swift */ = {isa = PBXFileReference; lastKnownFileType = sourcecode.swift; path = UIKDStretchyHeaderFlowLayout.swift; sourceTree = "<group>"; };
		F9A516172C2FCF2100C8DD8A /* UIKDShadowView.swift */ = {isa = PBXFileReference; lastKnownFileType = sourcecode.swift; path = UIKDShadowView.swift; sourceTree = "<group>"; };
		F9A516192C2FCF9500C8DD8A /* UIKDCardDocketView.swift */ = {isa = PBXFileReference; lastKnownFileType = sourcecode.swift; path = UIKDCardDocketView.swift; sourceTree = "<group>"; };
		F9A5161B2C2FE41900C8DD8A /* CreditCard.swift */ = {isa = PBXFileReference; lastKnownFileType = sourcecode.swift; path = CreditCard.swift; sourceTree = "<group>"; };
		F9A5161D2C2FE91400C8DD8A /* UIColor+Ext.swift */ = {isa = PBXFileReference; lastKnownFileType = sourcecode.swift; path = "UIColor+Ext.swift"; sourceTree = "<group>"; };
		F9A516202C30012900C8DD8A /* UIKDCardInfoVC.swift */ = {isa = PBXFileReference; lastKnownFileType = sourcecode.swift; path = UIKDCardInfoVC.swift; sourceTree = "<group>"; };
		F9A516222C3032E000C8DD8A /* CollapsibleTableHeaderVC.swift */ = {isa = PBXFileReference; lastKnownFileType = sourcecode.swift; path = CollapsibleTableHeaderVC.swift; sourceTree = "<group>"; };
		F9A516242C30340F00C8DD8A /* Genre.swift */ = {isa = PBXFileReference; lastKnownFileType = sourcecode.swift; path = Genre.swift; sourceTree = "<group>"; };
		F9A516262C3034D200C8DD8A /* UIKDExpandableHeaderView.swift */ = {isa = PBXFileReference; lastKnownFileType = sourcecode.swift; path = UIKDExpandableHeaderView.swift; sourceTree = "<group>"; };
		F9A516282C306BA300C8DD8A /* Wonder.swift */ = {isa = PBXFileReference; lastKnownFileType = sourcecode.swift; path = Wonder.swift; sourceTree = "<group>"; };
		F9A5162A2C306CE300C8DD8A /* CollapsibleCellTableVC.swift */ = {isa = PBXFileReference; lastKnownFileType = sourcecode.swift; path = CollapsibleCellTableVC.swift; sourceTree = "<group>"; };
		F9A5162E2C306EB100C8DD8A /* WonderCell.swift */ = {isa = PBXFileReference; lastKnownFileType = sourcecode.swift; path = WonderCell.swift; sourceTree = "<group>"; };
		F9A516302C32F1B900C8DD8A /* UpdateTableCellVC.swift */ = {isa = PBXFileReference; lastKnownFileType = sourcecode.swift; path = UpdateTableCellVC.swift; sourceTree = "<group>"; };
		F9AD13192C4A56C9006E7C05 /* SegmentedTableViewVC.swift */ = {isa = PBXFileReference; lastKnownFileType = sourcecode.swift; path = SegmentedTableViewVC.swift; sourceTree = "<group>"; };
		F9AD75BA2C2E6F4C00B16BDF /* UIKDCustomFlowLayout.swift */ = {isa = PBXFileReference; lastKnownFileType = sourcecode.swift; path = UIKDCustomFlowLayout.swift; sourceTree = "<group>"; };
		F9AD75BC2C2EFAC300B16BDF /* CardViewVC.swift */ = {isa = PBXFileReference; lastKnownFileType = sourcecode.swift; path = CardViewVC.swift; sourceTree = "<group>"; };
		F9F1CCF62C2F203A005739BA /* CardViewCell.swift */ = {isa = PBXFileReference; lastKnownFileType = sourcecode.swift; path = CardViewCell.swift; sourceTree = "<group>"; };
		F9F1CCFD2C2F4C95005739BA /* NestedCardVC.swift */ = {isa = PBXFileReference; lastKnownFileType = sourcecode.swift; path = NestedCardVC.swift; sourceTree = "<group>"; };
/* End PBXFileReference section */

/* Begin PBXFrameworksBuildPhase section */
		F923BB0E2C2C0F5300DBB894 /* Frameworks */ = {
			isa = PBXFrameworksBuildPhase;
			buildActionMask = 2147483647;
			files = (
			);
			runOnlyForDeploymentPostprocessing = 0;
		};
/* End PBXFrameworksBuildPhase section */

/* Begin PBXGroup section */
		F923BB082C2C0F5300DBB894 = {
			isa = PBXGroup;
			children = (
				F923BB132C2C0F5300DBB894 /* UIKitDashboard */,
				F923BB122C2C0F5300DBB894 /* Products */,
			);
			sourceTree = "<group>";
		};
		F923BB122C2C0F5300DBB894 /* Products */ = {
			isa = PBXGroup;
			children = (
				F923BB112C2C0F5300DBB894 /* UIKitDashboard.app */,
			);
			name = Products;
			sourceTree = "<group>";
		};
		F923BB132C2C0F5300DBB894 /* UIKitDashboard */ = {
			isa = PBXGroup;
			children = (
				F923BB2E2C2C1B5D00DBB894 /* Utilities */,
				F923BB2D2C2C1B5700DBB894 /* Models */,
				F923BB2C2C2C1B4E00DBB894 /* Supports */,
				F923BB2A2C2C1B1900DBB894 /* Custome Screens */,
				F923BB282C2C1B0800DBB894 /* Extensions */,
				F923BB222C2C0F5700DBB894 /* Info.plist */,
			);
			path = UIKitDashboard;
			sourceTree = "<group>";
		};
		F923BB282C2C1B0800DBB894 /* Extensions */ = {
			isa = PBXGroup;
			children = (
				F923BB312C2C1BAF00DBB894 /* UIView+Ext.swift */,
				F9A5161D2C2FE91400C8DD8A /* UIColor+Ext.swift */,
			);
			path = Extensions;
			sourceTree = "<group>";
		};
		F923BB292C2C1B1000DBB894 /* Cells */ = {
			isa = PBXGroup;
			children = (
				F923BB5E2C2D6BB900DBB894 /* CollectionViewCells */,
				F923BB5D2C2D6BAD00DBB894 /* TableViewCells */,
			);
			path = Cells;
			sourceTree = "<group>";
		};
		F923BB2A2C2C1B1900DBB894 /* Custome Screens */ = {
			isa = PBXGroup;
			children = (
				F9A516162C2FCE7300C8DD8A /* Views */,
				F9AD75B92C2E6ED000B16BDF /* Layouts */,
				F923BB4E2C2C485E00DBB894 /* ImageViews */,
				F923BB4D2C2C485000DBB894 /* Labels */,
				F923BB2B2C2C1B3A00DBB894 /* ViewControllers */,
				F923BB292C2C1B1000DBB894 /* Cells */,
			);
			path = "Custome Screens";
			sourceTree = "<group>";
		};
		F923BB2B2C2C1B3A00DBB894 /* ViewControllers */ = {
			isa = PBXGroup;
			children = (
				F923BB182C2C0F5300DBB894 /* HomeVC.swift */,
				F923BB3D2C2C336400DBB894 /* TableHomeVC.swift */,
				F923BB3F2C2C337E00DBB894 /* CollectionHomeVC.swift */,
				F9F1CCFD2C2F4C95005739BA /* NestedCardVC.swift */,
				F9A5161F2C30007C00C8DD8A /* InfoViewControllers */,
				F923BB422C2C33E500DBB894 /* CollectionViewList */,
				F923BB412C2C33D200DBB894 /* TableViewList */,
			);
			path = ViewControllers;
			sourceTree = "<group>";
		};
		F923BB2C2C2C1B4E00DBB894 /* Supports */ = {
			isa = PBXGroup;
			children = (
				F923BB142C2C0F5300DBB894 /* AppDelegate.swift */,
				F923BB162C2C0F5300DBB894 /* SceneDelegate.swift */,
				F923BB1D2C2C0F5700DBB894 /* Assets.xcassets */,
				F923BB1F2C2C0F5700DBB894 /* LaunchScreen.storyboard */,
			);
			path = Supports;
			sourceTree = "<group>";
		};
		F923BB2D2C2C1B5700DBB894 /* Models */ = {
			isa = PBXGroup;
			children = (
				F923BB352C2C1BFA00DBB894 /* NavList.swift */,
				F923BB372C2C1C3500DBB894 /* Users.swift */,
				F923BB392C2C1C4900DBB894 /* Video.swift */,
				F923BB492C2C375600DBB894 /* Post.swift */,
				F923BB592C2D5DA800DBB894 /* Pets.swift */,
				F923BB5F2C2D737800DBB894 /* Photos.swift */,
				F923BB672C2DB2EF00DBB894 /* Category.swift */,
				F9A5161B2C2FE41900C8DD8A /* CreditCard.swift */,
				F9A516242C30340F00C8DD8A /* Genre.swift */,
				F9A516282C306BA300C8DD8A /* Wonder.swift */,
			);
			path = Models;
			sourceTree = "<group>";
		};
		F923BB2E2C2C1B5D00DBB894 /* Utilities */ = {
			isa = PBXGroup;
			children = (
				F923BB332C2C1BD800DBB894 /* Constants.swift */,
				F923BB632C2D971800DBB894 /* UIHelper.swift */,
			);
			path = Utilities;
			sourceTree = "<group>";
		};
		F923BB412C2C33D200DBB894 /* TableViewList */ = {
			isa = PBXGroup;
			children = (
				F923BB432C2C340E00DBB894 /* CollapsibleTableVC.swift */,
				F923BB452C2C341D00DBB894 /* WithCustomViewVC.swift */,
				F923BB472C2C342F00DBB894 /* InstaFeedRepVC.swift */,
				F9AD75BC2C2EFAC300B16BDF /* CardViewVC.swift */,
				F9A516222C3032E000C8DD8A /* CollapsibleTableHeaderVC.swift */,
				F9A5162A2C306CE300C8DD8A /* CollapsibleCellTableVC.swift */,
				F9A516302C32F1B900C8DD8A /* UpdateTableCellVC.swift */,
				F9AD13192C4A56C9006E7C05 /* SegmentedTableViewVC.swift */,
			);
			path = TableViewList;
			sourceTree = "<group>";
		};
		F923BB422C2C33E500DBB894 /* CollectionViewList */ = {
			isa = PBXGroup;
			children = (
				F923BB5B2C2D647100DBB894 /* WithCustomCellVC.swift */,
				F923BB652C2DA9FA00DBB894 /* BasicGridVC.swift */,
				F923BB6D2C2DD0C000DBB894 /* CaraousalVC.swift */,
				F921AE412C4852B400544E0C /* AutoScrollVC.swift */,
				F952EC932C4B82B0006C4F10 /* StickyHeaderVC.swift */,
			);
			path = CollectionViewList;
			sourceTree = "<group>";
		};
		F923BB4D2C2C485000DBB894 /* Labels */ = {
			isa = PBXGroup;
			children = (
				F923BB532C2C497800DBB894 /* UIKDBodyLabel.swift */,
				F923BB552C2C499D00DBB894 /* UIKDSecondaryTitleLabel.swift */,
				F923BB572C2C49B500DBB894 /* UIKDTitleLabel.swift */,
			);
			path = Labels;
			sourceTree = "<group>";
		};
		F923BB4E2C2C485E00DBB894 /* ImageViews */ = {
			isa = PBXGroup;
			children = (
				F923BB4F2C2C488800DBB894 /* UIKDAvatarImageView.swift */,
				F923BB512C2C490D00DBB894 /* UIKDPostImageView.swift */,
			);
			path = ImageViews;
			sourceTree = "<group>";
		};
		F923BB5D2C2D6BAD00DBB894 /* TableViewCells */ = {
			isa = PBXGroup;
			children = (
				F923BB4B2C2C3D1200DBB894 /* InstaPostCell.swift */,
				F923BB2F2C2C1B8100DBB894 /* VideoCell.swift */,
				F9F1CCF62C2F203A005739BA /* CardViewCell.swift */,
				F9A5162E2C306EB100C8DD8A /* WonderCell.swift */,
			);
			path = TableViewCells;
			sourceTree = "<group>";
		};
		F923BB5E2C2D6BB900DBB894 /* CollectionViewCells */ = {
			isa = PBXGroup;
			children = (
				F923BB612C2D874100DBB894 /* GalleryCell.swift */,
				F923BB692C2DB42E00DBB894 /* CategoryCell.swift */,
				F923BB6B2C2DCEEF00DBB894 /* DogCell.swift */,
			);
			path = CollectionViewCells;
			sourceTree = "<group>";
		};
		F9A516162C2FCE7300C8DD8A /* Views */ = {
			isa = PBXGroup;
			children = (
				F9A516172C2FCF2100C8DD8A /* UIKDShadowView.swift */,
				F9A516192C2FCF9500C8DD8A /* UIKDCardDocketView.swift */,
				F952EC972C4BC0AB006C4F10 /* UIKDStickyHeader.swift */,
			);
			path = Views;
			sourceTree = "<group>";
		};
		F9A5161F2C30007C00C8DD8A /* InfoViewControllers */ = {
			isa = PBXGroup;
			children = (
				F9A516202C30012900C8DD8A /* UIKDCardInfoVC.swift */,
			);
			path = InfoViewControllers;
			sourceTree = "<group>";
		};
		F9AD75B92C2E6ED000B16BDF /* Layouts */ = {
			isa = PBXGroup;
			children = (
				F9AD75BA2C2E6F4C00B16BDF /* UIKDCustomFlowLayout.swift */,
				F9A516262C3034D200C8DD8A /* UIKDExpandableHeaderView.swift */,
				F952EC992C4BDF7E006C4F10 /* UIKDStretchyHeaderFlowLayout.swift */,
			);
			path = Layouts;
			sourceTree = "<group>";
		};
/* End PBXGroup section */

/* Begin PBXNativeTarget section */
		F923BB102C2C0F5300DBB894 /* UIKitDashboard */ = {
			isa = PBXNativeTarget;
			buildConfigurationList = F923BB252C2C0F5700DBB894 /* Build configuration list for PBXNativeTarget "UIKitDashboard" */;
			buildPhases = (
				F923BB0D2C2C0F5300DBB894 /* Sources */,
				F923BB0E2C2C0F5300DBB894 /* Frameworks */,
				F923BB0F2C2C0F5300DBB894 /* Resources */,
			);
			buildRules = (
			);
			dependencies = (
			);
			name = UIKitDashboard;
			productName = UIKitDashboard;
			productReference = F923BB112C2C0F5300DBB894 /* UIKitDashboard.app */;
			productType = "com.apple.product-type.application";
		};
/* End PBXNativeTarget section */

/* Begin PBXProject section */
		F923BB092C2C0F5300DBB894 /* Project object */ = {
			isa = PBXProject;
			attributes = {
				BuildIndependentTargetsInParallel = 1;
				LastSwiftUpdateCheck = 1520;
				LastUpgradeCheck = 1520;
				TargetAttributes = {
					F923BB102C2C0F5300DBB894 = {
						CreatedOnToolsVersion = 15.2;
					};
				};
			};
			buildConfigurationList = F923BB0C2C2C0F5300DBB894 /* Build configuration list for PBXProject "UIKitDashboard" */;
			compatibilityVersion = "Xcode 14.0";
			developmentRegion = en;
			hasScannedForEncodings = 0;
			knownRegions = (
				en,
				Base,
			);
			mainGroup = F923BB082C2C0F5300DBB894;
			productRefGroup = F923BB122C2C0F5300DBB894 /* Products */;
			projectDirPath = "";
			projectRoot = "";
			targets = (
				F923BB102C2C0F5300DBB894 /* UIKitDashboard */,
			);
		};
/* End PBXProject section */

/* Begin PBXResourcesBuildPhase section */
		F923BB0F2C2C0F5300DBB894 /* Resources */ = {
			isa = PBXResourcesBuildPhase;
			buildActionMask = 2147483647;
			files = (
				F923BB212C2C0F5700DBB894 /* LaunchScreen.storyboard in Resources */,
				F923BB1E2C2C0F5700DBB894 /* Assets.xcassets in Resources */,
			);
			runOnlyForDeploymentPostprocessing = 0;
		};
/* End PBXResourcesBuildPhase section */

/* Begin PBXSourcesBuildPhase section */
		F923BB0D2C2C0F5300DBB894 /* Sources */ = {
			isa = PBXSourcesBuildPhase;
			buildActionMask = 2147483647;
			files = (
				F9A516312C32F1B900C8DD8A /* UpdateTableCellVC.swift in Sources */,
				F923BB662C2DA9FA00DBB894 /* BasicGridVC.swift in Sources */,
				F923BB5A2C2D5DA800DBB894 /* Pets.swift in Sources */,
				F9A516292C306BA300C8DD8A /* Wonder.swift in Sources */,
				F9A5161C2C2FE41900C8DD8A /* CreditCard.swift in Sources */,
				F923BB6E2C2DD0C000DBB894 /* CaraousalVC.swift in Sources */,
				F923BB382C2C1C3500DBB894 /* Users.swift in Sources */,
				F923BB192C2C0F5300DBB894 /* HomeVC.swift in Sources */,
				F9A5161E2C2FE91400C8DD8A /* UIColor+Ext.swift in Sources */,
				F9A5162F2C306EB100C8DD8A /* WonderCell.swift in Sources */,
				F923BB302C2C1B8100DBB894 /* VideoCell.swift in Sources */,
				F952EC9A2C4BDF7E006C4F10 /* UIKDStretchyHeaderFlowLayout.swift in Sources */,
				F9AD75BB2C2E6F4C00B16BDF /* UIKDCustomFlowLayout.swift in Sources */,
				F9AD131A2C4A56C9006E7C05 /* SegmentedTableViewVC.swift in Sources */,
				F923BB562C2C499D00DBB894 /* UIKDSecondaryTitleLabel.swift in Sources */,
				F9AD75BD2C2EFAC300B16BDF /* CardViewVC.swift in Sources */,
				F923BB4C2C2C3D1200DBB894 /* InstaPostCell.swift in Sources */,
				F9A516182C2FCF2100C8DD8A /* UIKDShadowView.swift in Sources */,
				F923BB402C2C337E00DBB894 /* CollectionHomeVC.swift in Sources */,
				F923BB6C2C2DCEEF00DBB894 /* DogCell.swift in Sources */,
				F923BB482C2C342F00DBB894 /* InstaFeedRepVC.swift in Sources */,
				F923BB322C2C1BAF00DBB894 /* UIView+Ext.swift in Sources */,
				F923BB3E2C2C336400DBB894 /* TableHomeVC.swift in Sources */,
				F923BB3A2C2C1C4900DBB894 /* Video.swift in Sources */,
				F9A516212C30012900C8DD8A /* UIKDCardInfoVC.swift in Sources */,
				F923BB622C2D874100DBB894 /* GalleryCell.swift in Sources */,
				F923BB362C2C1BFA00DBB894 /* NavList.swift in Sources */,
				F923BB642C2D971800DBB894 /* UIHelper.swift in Sources */,
				F923BB602C2D737800DBB894 /* Photos.swift in Sources */,
				F952EC942C4B82B0006C4F10 /* StickyHeaderVC.swift in Sources */,
				F923BB6A2C2DB42E00DBB894 /* CategoryCell.swift in Sources */,
				F923BB4A2C2C375600DBB894 /* Post.swift in Sources */,
				F9A5161A2C2FCF9500C8DD8A /* UIKDCardDocketView.swift in Sources */,
				F921AE422C4852B400544E0C /* AutoScrollVC.swift in Sources */,
				F9A516252C30340F00C8DD8A /* Genre.swift in Sources */,
				F923BB5C2C2D647100DBB894 /* WithCustomCellVC.swift in Sources */,
				F9A516272C3034D200C8DD8A /* UIKDExpandableHeaderView.swift in Sources */,
				F952EC982C4BC0AB006C4F10 /* UIKDStickyHeader.swift in Sources */,
				F9A516232C3032E000C8DD8A /* CollapsibleTableHeaderVC.swift in Sources */,
				F923BB462C2C341D00DBB894 /* WithCustomViewVC.swift in Sources */,
				F923BB152C2C0F5300DBB894 /* AppDelegate.swift in Sources */,
				F923BB542C2C497800DBB894 /* UIKDBodyLabel.swift in Sources */,
				F9F1CCF72C2F203A005739BA /* CardViewCell.swift in Sources */,
				F923BB172C2C0F5300DBB894 /* SceneDelegate.swift in Sources */,
				F923BB442C2C340E00DBB894 /* CollapsibleTableVC.swift in Sources */,
				F9A5162B2C306CE300C8DD8A /* CollapsibleCellTableVC.swift in Sources */,
				F923BB522C2C490E00DBB894 /* UIKDPostImageView.swift in Sources */,
				F923BB342C2C1BD800DBB894 /* Constants.swift in Sources */,
				F923BB582C2C49B500DBB894 /* UIKDTitleLabel.swift in Sources */,
				F923BB502C2C488800DBB894 /* UIKDAvatarImageView.swift in Sources */,
				F923BB682C2DB2EF00DBB894 /* Category.swift in Sources */,
				F9F1CCFE2C2F4C95005739BA /* NestedCardVC.swift in Sources */,
			);
			runOnlyForDeploymentPostprocessing = 0;
		};
/* End PBXSourcesBuildPhase section */

/* Begin PBXVariantGroup section */
		F923BB1F2C2C0F5700DBB894 /* LaunchScreen.storyboard */ = {
			isa = PBXVariantGroup;
			children = (
				F923BB202C2C0F5700DBB894 /* Base */,
			);
			name = LaunchScreen.storyboard;
			sourceTree = "<group>";
		};
/* End PBXVariantGroup section */

/* Begin XCBuildConfiguration section */
		F923BB232C2C0F5700DBB894 /* Debug */ = {
			isa = XCBuildConfiguration;
			buildSettings = {
				ALWAYS_SEARCH_USER_PATHS = NO;
				ASSETCATALOG_COMPILER_GENERATE_SWIFT_ASSET_SYMBOL_EXTENSIONS = YES;
				CLANG_ANALYZER_NONNULL = YES;
				CLANG_ANALYZER_NUMBER_OBJECT_CONVERSION = YES_AGGRESSIVE;
				CLANG_CXX_LANGUAGE_STANDARD = "gnu++20";
				CLANG_ENABLE_MODULES = YES;
				CLANG_ENABLE_OBJC_ARC = YES;
				CLANG_ENABLE_OBJC_WEAK = YES;
				CLANG_WARN_BLOCK_CAPTURE_AUTORELEASING = YES;
				CLANG_WARN_BOOL_CONVERSION = YES;
				CLANG_WARN_COMMA = YES;
				CLANG_WARN_CONSTANT_CONVERSION = YES;
				CLANG_WARN_DEPRECATED_OBJC_IMPLEMENTATIONS = YES;
				CLANG_WARN_DIRECT_OBJC_ISA_USAGE = YES_ERROR;
				CLANG_WARN_DOCUMENTATION_COMMENTS = YES;
				CLANG_WARN_EMPTY_BODY = YES;
				CLANG_WARN_ENUM_CONVERSION = YES;
				CLANG_WARN_INFINITE_RECURSION = YES;
				CLANG_WARN_INT_CONVERSION = YES;
				CLANG_WARN_NON_LITERAL_NULL_CONVERSION = YES;
				CLANG_WARN_OBJC_IMPLICIT_RETAIN_SELF = YES;
				CLANG_WARN_OBJC_LITERAL_CONVERSION = YES;
				CLANG_WARN_OBJC_ROOT_CLASS = YES_ERROR;
				CLANG_WARN_QUOTED_INCLUDE_IN_FRAMEWORK_HEADER = YES;
				CLANG_WARN_RANGE_LOOP_ANALYSIS = YES;
				CLANG_WARN_STRICT_PROTOTYPES = YES;
				CLANG_WARN_SUSPICIOUS_MOVE = YES;
				CLANG_WARN_UNGUARDED_AVAILABILITY = YES_AGGRESSIVE;
				CLANG_WARN_UNREACHABLE_CODE = YES;
				CLANG_WARN__DUPLICATE_METHOD_MATCH = YES;
				COPY_PHASE_STRIP = NO;
				DEBUG_INFORMATION_FORMAT = dwarf;
				ENABLE_STRICT_OBJC_MSGSEND = YES;
				ENABLE_TESTABILITY = YES;
				ENABLE_USER_SCRIPT_SANDBOXING = YES;
				GCC_C_LANGUAGE_STANDARD = gnu17;
				GCC_DYNAMIC_NO_PIC = NO;
				GCC_NO_COMMON_BLOCKS = YES;
				GCC_OPTIMIZATION_LEVEL = 0;
				GCC_PREPROCESSOR_DEFINITIONS = (
					"DEBUG=1",
					"$(inherited)",
				);
				GCC_WARN_64_TO_32_BIT_CONVERSION = YES;
				GCC_WARN_ABOUT_RETURN_TYPE = YES_ERROR;
				GCC_WARN_UNDECLARED_SELECTOR = YES;
				GCC_WARN_UNINITIALIZED_AUTOS = YES_AGGRESSIVE;
				GCC_WARN_UNUSED_FUNCTION = YES;
				GCC_WARN_UNUSED_VARIABLE = YES;
				IPHONEOS_DEPLOYMENT_TARGET = 17.2;
				LOCALIZATION_PREFERS_STRING_CATALOGS = YES;
				MTL_ENABLE_DEBUG_INFO = INCLUDE_SOURCE;
				MTL_FAST_MATH = YES;
				ONLY_ACTIVE_ARCH = YES;
				SDKROOT = iphoneos;
				SWIFT_ACTIVE_COMPILATION_CONDITIONS = "DEBUG $(inherited)";
				SWIFT_OPTIMIZATION_LEVEL = "-Onone";
			};
			name = Debug;
		};
		F923BB242C2C0F5700DBB894 /* Release */ = {
			isa = XCBuildConfiguration;
			buildSettings = {
				ALWAYS_SEARCH_USER_PATHS = NO;
				ASSETCATALOG_COMPILER_GENERATE_SWIFT_ASSET_SYMBOL_EXTENSIONS = YES;
				CLANG_ANALYZER_NONNULL = YES;
				CLANG_ANALYZER_NUMBER_OBJECT_CONVERSION = YES_AGGRESSIVE;
				CLANG_CXX_LANGUAGE_STANDARD = "gnu++20";
				CLANG_ENABLE_MODULES = YES;
				CLANG_ENABLE_OBJC_ARC = YES;
				CLANG_ENABLE_OBJC_WEAK = YES;
				CLANG_WARN_BLOCK_CAPTURE_AUTORELEASING = YES;
				CLANG_WARN_BOOL_CONVERSION = YES;
				CLANG_WARN_COMMA = YES;
				CLANG_WARN_CONSTANT_CONVERSION = YES;
				CLANG_WARN_DEPRECATED_OBJC_IMPLEMENTATIONS = YES;
				CLANG_WARN_DIRECT_OBJC_ISA_USAGE = YES_ERROR;
				CLANG_WARN_DOCUMENTATION_COMMENTS = YES;
				CLANG_WARN_EMPTY_BODY = YES;
				CLANG_WARN_ENUM_CONVERSION = YES;
				CLANG_WARN_INFINITE_RECURSION = YES;
				CLANG_WARN_INT_CONVERSION = YES;
				CLANG_WARN_NON_LITERAL_NULL_CONVERSION = YES;
				CLANG_WARN_OBJC_IMPLICIT_RETAIN_SELF = YES;
				CLANG_WARN_OBJC_LITERAL_CONVERSION = YES;
				CLANG_WARN_OBJC_ROOT_CLASS = YES_ERROR;
				CLANG_WARN_QUOTED_INCLUDE_IN_FRAMEWORK_HEADER = YES;
				CLANG_WARN_RANGE_LOOP_ANALYSIS = YES;
				CLANG_WARN_STRICT_PROTOTYPES = YES;
				CLANG_WARN_SUSPICIOUS_MOVE = YES;
				CLANG_WARN_UNGUARDED_AVAILABILITY = YES_AGGRESSIVE;
				CLANG_WARN_UNREACHABLE_CODE = YES;
				CLANG_WARN__DUPLICATE_METHOD_MATCH = YES;
				COPY_PHASE_STRIP = NO;
				DEBUG_INFORMATION_FORMAT = "dwarf-with-dsym";
				ENABLE_NS_ASSERTIONS = NO;
				ENABLE_STRICT_OBJC_MSGSEND = YES;
				ENABLE_USER_SCRIPT_SANDBOXING = YES;
				GCC_C_LANGUAGE_STANDARD = gnu17;
				GCC_NO_COMMON_BLOCKS = YES;
				GCC_WARN_64_TO_32_BIT_CONVERSION = YES;
				GCC_WARN_ABOUT_RETURN_TYPE = YES_ERROR;
				GCC_WARN_UNDECLARED_SELECTOR = YES;
				GCC_WARN_UNINITIALIZED_AUTOS = YES_AGGRESSIVE;
				GCC_WARN_UNUSED_FUNCTION = YES;
				GCC_WARN_UNUSED_VARIABLE = YES;
				IPHONEOS_DEPLOYMENT_TARGET = 17.2;
				LOCALIZATION_PREFERS_STRING_CATALOGS = YES;
				MTL_ENABLE_DEBUG_INFO = NO;
				MTL_FAST_MATH = YES;
				SDKROOT = iphoneos;
				SWIFT_COMPILATION_MODE = wholemodule;
				VALIDATE_PRODUCT = YES;
			};
			name = Release;
		};
		F923BB262C2C0F5700DBB894 /* Debug */ = {
			isa = XCBuildConfiguration;
			buildSettings = {
				ASSETCATALOG_COMPILER_APPICON_NAME = AppIcon;
				ASSETCATALOG_COMPILER_GLOBAL_ACCENT_COLOR_NAME = AccentColor;
				CODE_SIGN_STYLE = Automatic;
				CURRENT_PROJECT_VERSION = 1;
				DEVELOPMENT_TEAM = 52586YDHWC;
				GENERATE_INFOPLIST_FILE = YES;
				INFOPLIST_FILE = UIKitDashboard/Info.plist;
				INFOPLIST_KEY_UIApplicationSupportsIndirectInputEvents = YES;
				INFOPLIST_KEY_UILaunchStoryboardName = LaunchScreen;
				INFOPLIST_KEY_UISupportedInterfaceOrientations = UIInterfaceOrientationPortrait;
				IPHONEOS_DEPLOYMENT_TARGET = 16.0;
				LD_RUNPATH_SEARCH_PATHS = (
					"$(inherited)",
					"@executable_path/Frameworks",
				);
				MARKETING_VERSION = 1.0;
				PRODUCT_BUNDLE_IDENTIFIER = net.ontash.UIKitDashboard;
				PRODUCT_NAME = "$(TARGET_NAME)";
				SUPPORTED_PLATFORMS = "iphoneos iphonesimulator";
				SUPPORTS_MACCATALYST = NO;
				SUPPORTS_MAC_DESIGNED_FOR_IPHONE_IPAD = NO;
				SUPPORTS_XR_DESIGNED_FOR_IPHONE_IPAD = NO;
				SWIFT_EMIT_LOC_STRINGS = YES;
				SWIFT_VERSION = 5.0;
				TARGETED_DEVICE_FAMILY = "1,2";
			};
			name = Debug;
		};
		F923BB272C2C0F5700DBB894 /* Release */ = {
			isa = XCBuildConfiguration;
			buildSettings = {
				ASSETCATALOG_COMPILER_APPICON_NAME = AppIcon;
				ASSETCATALOG_COMPILER_GLOBAL_ACCENT_COLOR_NAME = AccentColor;
				CODE_SIGN_STYLE = Automatic;
				CURRENT_PROJECT_VERSION = 1;
				DEVELOPMENT_TEAM = 52586YDHWC;
				GENERATE_INFOPLIST_FILE = YES;
				INFOPLIST_FILE = UIKitDashboard/Info.plist;
				INFOPLIST_KEY_UIApplicationSupportsIndirectInputEvents = YES;
				INFOPLIST_KEY_UILaunchStoryboardName = LaunchScreen;
				INFOPLIST_KEY_UISupportedInterfaceOrientations = UIInterfaceOrientationPortrait;
				IPHONEOS_DEPLOYMENT_TARGET = 16.0;
				LD_RUNPATH_SEARCH_PATHS = (
					"$(inherited)",
					"@executable_path/Frameworks",
				);
				MARKETING_VERSION = 1.0;
				PRODUCT_BUNDLE_IDENTIFIER = net.ontash.UIKitDashboard;
				PRODUCT_NAME = "$(TARGET_NAME)";
				SUPPORTED_PLATFORMS = "iphoneos iphonesimulator";
				SUPPORTS_MACCATALYST = NO;
				SUPPORTS_MAC_DESIGNED_FOR_IPHONE_IPAD = NO;
				SUPPORTS_XR_DESIGNED_FOR_IPHONE_IPAD = NO;
				SWIFT_EMIT_LOC_STRINGS = YES;
				SWIFT_VERSION = 5.0;
				TARGETED_DEVICE_FAMILY = "1,2";
			};
			name = Release;
		};
/* End XCBuildConfiguration section */

/* Begin XCConfigurationList section */
		F923BB0C2C2C0F5300DBB894 /* Build configuration list for PBXProject "UIKitDashboard" */ = {
			isa = XCConfigurationList;
			buildConfigurations = (
				F923BB232C2C0F5700DBB894 /* Debug */,
				F923BB242C2C0F5700DBB894 /* Release */,
			);
			defaultConfigurationIsVisible = 0;
			defaultConfigurationName = Release;
		};
		F923BB252C2C0F5700DBB894 /* Build configuration list for PBXNativeTarget "UIKitDashboard" */ = {
			isa = XCConfigurationList;
			buildConfigurations = (
				F923BB262C2C0F5700DBB894 /* Debug */,
				F923BB272C2C0F5700DBB894 /* Release */,
			);
			defaultConfigurationIsVisible = 0;
			defaultConfigurationName = Release;
		};
/* End XCConfigurationList section */
	};
	rootObject = F923BB092C2C0F5300DBB894 /* Project object */;
}
